# Generated by conda-lock.
# platform: linux-64
# input_hash: 9c7232e20749ca70c3477cc2b62cd9ee12c735f08ce122082d407b52d83840c7
@EXPLICIT
https://conda.anaconda.org/bioconda/linux-64/pbccs-6.2.0-h9ee0642_0.tar.bz2#33a31bdaf55ff6fb2e5e68fedbaadaeb
https://conda.anaconda.org/bioconda/linux-64/pbgcpp-2.0.2-h9ee0642_1.tar.bz2#4b139659237e6c15af4e7a3b094550ee
https://conda.anaconda.org/bioconda/linux-64/seqkit-2.1.0-h9ee0642_0.tar.bz2#ec14b2219f0fe668d28c83bdbde977a3
https://conda.anaconda.org/conda-forge/linux-64/_libgcc_mutex-0.1-conda_forge.tar.bz2#d7c89558ba9fa0495403155b64376d81
https://conda.anaconda.org/conda-forge/noarch/_r-mutex-1.0.1-anacondar_1.tar.bz2#19f9db5f4f1b7f5ef5f6d67207f25f38
https://conda.anaconda.org/conda-forge/linux-64/ca-certificates-2021.10.8-ha878542_0.tar.bz2#575611b8a84f45960e87722eeb51fa26
https://conda.anaconda.org/bioconda/linux-64/entrez-direct-16.2-he881be0_0.tar.bz2#38ced9eb228c420a05c31bc7993c5774
https://conda.anaconda.org/conda-forge/noarch/font-ttf-dejavu-sans-mono-2.37-hab24e00_0.tar.bz2#0c96522c6bdaed4b1566d11387caaf45
https://conda.anaconda.org/conda-forge/noarch/font-ttf-inconsolata-3.000-h77eed37_0.tar.bz2#34893075a5c9e55cdafac56607368fc6
https://conda.anaconda.org/conda-forge/noarch/font-ttf-source-code-pro-2.038-h77eed37_0.tar.bz2#4d59c254e01d9cde7957100457e2d5fb
https://conda.anaconda.org/conda-forge/noarch/font-ttf-ubuntu-0.83-hab24e00_0.tar.bz2#19410c3df09dfb12d1206132a1d357c5
https://conda.anaconda.org/bioconda/linux-64/hmmer-3.1b2-3.tar.bz2#efa4143ff1ec060168561edd98fff483
https://conda.anaconda.org/conda-forge/noarch/kernel-headers_linux-64-2.6.32-he073ed8_15.tar.bz2#5dd5127afd710f91f6a75821bac0a4f0
https://conda.anaconda.org/conda-forge/linux-64/ld_impl_linux-64-2.36.1-hea4e1c9_2.tar.bz2#bd4f2e711b39af170e7ff15163fe87ee
https://conda.anaconda.org/conda-forge/linux-64/libgcc-devel_linux-64-9.4.0-hd854feb_11.tar.bz2#db20b3d6b359c3ca9674ad3f33562bab
https://conda.anaconda.org/conda-forge/linux-64/libgfortran5-11.2.0-h5c6108e_11.tar.bz2#2dcb18a9a0fa31f4f29e5a9b3eade394
https://conda.anaconda.org/conda-forge/linux-64/libstdcxx-devel_linux-64-9.4.0-hd854feb_11.tar.bz2#74ffe15d508b9d20e5a8ed33ebfc5481
https://conda.anaconda.org/conda-forge/linux-64/libstdcxx-ng-11.2.0-he4da1e4_11.tar.bz2#0bf83958e788f1e75ba26154cb702afe
https://conda.anaconda.org/conda-forge/noarch/tzdata-2021e-he74cb21_0.tar.bz2#a751ec502589ebdc2eceb183ff602569
https://conda.anaconda.org/conda-forge/noarch/fonts-conda-forge-1-0.tar.bz2#f766549260d6815b0c52253f1fb1bb29
https://conda.anaconda.org/conda-forge/linux-64/libgfortran-ng-11.2.0-h69a702a_11.tar.bz2#4ea2f9f83b617a7682e8aa05dcb37c6a
https://conda.anaconda.org/conda-forge/linux-64/libgomp-11.2.0-h1d223b6_11.tar.bz2#1d16527c76842bf9c41e9399d39d8097
https://conda.anaconda.org/conda-forge/noarch/sysroot_linux-64-2.12-he073ed8_15.tar.bz2#66c192522eacf5bb763568b4e415d133
https://conda.anaconda.org/conda-forge/linux-64/_openmp_mutex-4.5-1_gnu.tar.bz2#561e277319a41d4f24f5c05a9ef63c04
https://conda.anaconda.org/conda-forge/linux-64/binutils_impl_linux-64-2.36.1-h193b22a_2.tar.bz2#32aae4265554a47ea77f7c09f86aeb3b
https://conda.anaconda.org/conda-forge/noarch/fonts-conda-ecosystem-1-0.tar.bz2#fee5683a3f04bd15cbd8318b096a27ab
https://conda.anaconda.org/conda-forge/linux-64/binutils_linux-64-2.36-hf3e587d_1.tar.bz2#7d750bafc3cc7121170387583ecf0ff1
https://conda.anaconda.org/conda-forge/linux-64/libgcc-ng-11.2.0-h1d223b6_11.tar.bz2#e3495f4f93cfd6b68021cbe2b5844cd5
https://conda.anaconda.org/conda-forge/linux-64/bc-1.07.1-h7f98852_0.tar.bz2#9ff50d162aa3b1c861fa30105bea1932
https://conda.anaconda.org/conda-forge/linux-64/bzip2-1.0.8-h7f98852_4.tar.bz2#a1fd65c7ccbf10880423d82bca54eb54
https://conda.anaconda.org/conda-forge/linux-64/c-ares-1.18.1-h7f98852_0.tar.bz2#f26ef8098fab1f719c91eb760d63381a
https://conda.anaconda.org/conda-forge/linux-64/fribidi-1.0.10-h36c2ea0_0.tar.bz2#ac7bc6a654f8f41b352b38f4051135f8
https://conda.anaconda.org/conda-forge/linux-64/gawk-5.1.0-h7f98852_0.tar.bz2#02d840cd94000f68ff2fe4d7b2c46bde
https://conda.anaconda.org/conda-forge/linux-64/gmp-6.2.1-h58526e2_0.tar.bz2#b94cf2db16066b242ebd26db2facbd56
https://conda.anaconda.org/conda-forge/linux-64/graphite2-1.3.13-h58526e2_1001.tar.bz2#8c54672728e8ec6aa6db90cf2806d220
https://conda.anaconda.org/conda-forge/linux-64/icu-68.2-h9c3ff4c_0.tar.bz2#6618c9b191638993f2a818c6529e1b49
https://conda.anaconda.org/conda-forge/linux-64/jbig-2.1-h7f98852_2003.tar.bz2#1aa0cee79792fa97b7ff4545110b60bf
https://conda.anaconda.org/conda-forge/linux-64/jpeg-9d-h36c2ea0_0.tar.bz2#ea02ce6037dbe81803ae6123e5ba1568
https://conda.anaconda.org/conda-forge/linux-64/lerc-2.2.1-h9c3ff4c_0.tar.bz2#ea833dcaeb9e7ac4fac521f1a7abec82
https://conda.anaconda.org/conda-forge/linux-64/libdeflate-1.7-h7f98852_5.tar.bz2#10e242842cd30c59c12d79371dc0f583
https://conda.anaconda.org/conda-forge/linux-64/libev-4.33-h516909a_1.tar.bz2#6f8720dff19e17ce5d48cfe7f3d2f0a3
https://conda.anaconda.org/conda-forge/linux-64/libffi-3.4.2-h7f98852_5.tar.bz2#d645c6d2ac96843a2bfaccd2d62b3ac3
https://conda.anaconda.org/conda-forge/linux-64/libgcc-7.2.0-h69d50b8_2.tar.bz2#9962126180acc1a4fec0c6aabe7c2459
https://conda.anaconda.org/conda-forge/linux-64/libiconv-1.16-h516909a_0.tar.bz2#5c0f338a513a2943c659ae619fca9211
https://conda.anaconda.org/conda-forge/linux-64/libopenblas-0.3.18-pthreads_h8fe5266_0.tar.bz2#41532e4448c0cce086d6570f95e4e12e
https://conda.anaconda.org/conda-forge/linux-64/libsanitizer-9.4.0-h79bfe98_11.tar.bz2#25da5fb8de6c9fd7eb5b465acd87a5b3
https://conda.anaconda.org/conda-forge/linux-64/libunistring-0.9.10-h7f98852_0.tar.bz2#7245a044b4a1980ed83196176b78b73a
https://conda.anaconda.org/conda-forge/linux-64/libuuid-2.32.1-h7f98852_1000.tar.bz2#772d69f030955d9646d3d0eaf21d859d
https://conda.anaconda.org/conda-forge/linux-64/libwebp-base-1.2.1-h7f98852_0.tar.bz2#90607c4c0247f04ec98b48997de71c1a
https://conda.anaconda.org/conda-forge/linux-64/libzlib-1.2.11-h36c2ea0_1013.tar.bz2#dcddf696ff5dfcab567100d691678e18
https://conda.anaconda.org/conda-forge/linux-64/lp_solve-5.5.2.5-h14c3975_1001.tar.bz2#1aab183987d30d61453da3756aad853c
https://conda.anaconda.org/conda-forge/linux-64/lz4-c-1.9.3-h9c3ff4c_1.tar.bz2#fbe97e8fa6f275d7c76a09e795adc3e6
https://conda.anaconda.org/conda-forge/linux-64/make-4.3-hd18ef5c_1.tar.bz2#4049ebfd3190b580dffe76daed26155a
https://conda.anaconda.org/conda-forge/linux-64/metis-5.1.0-h58526e2_1006.tar.bz2#d099b812378b1e133c12e3b75167d83a
https://conda.anaconda.org/conda-forge/linux-64/ncurses-6.2-h58526e2_4.tar.bz2#509f2a21c4a09214cd737a480dfd80c9
https://conda.anaconda.org/conda-forge/linux-64/openssl-1.1.1l-h7f98852_0.tar.bz2#de7b38a1542dbe6f41653a8ae71adc53
https://conda.anaconda.org/bioconda/linux-64/pbcopper-1.9.3-h205c40f_0.tar.bz2#9c1dd916df350b372d46a82582339508
https://conda.anaconda.org/conda-forge/linux-64/pcre-8.45-h9c3ff4c_0.tar.bz2#c05d1820a6d34ff07aaaab7a9b7eddaa
https://conda.anaconda.org/conda-forge/linux-64/perl-5.26.2-h36c2ea0_1008.tar.bz2#880aa2aacfafa2bc69f7d42168fcee7d
https://conda.anaconda.org/conda-forge/linux-64/pixman-0.40.0-h36c2ea0_0.tar.bz2#660e72c82f2e75a6b3fe6a6e75c79f19
https://conda.anaconda.org/bioconda/linux-64/prodigal-2.6.3-h779adbc_3.tar.bz2#abfa08335024f62b2aa5d7aacef138b8
https://conda.anaconda.org/conda-forge/linux-64/pthread-stubs-0.4-h36c2ea0_1001.tar.bz2#22dad4df6e8630e8dff2428f6f6a7036
https://conda.anaconda.org/conda-forge/linux-64/sed-4.8-he412f7d_0.tar.bz2#7362f0042e95681f5d371c46c83ebd08
https://conda.anaconda.org/conda-forge/linux-64/tbb-2021.4.0-h4bd325d_1.tar.bz2#5c0e6a6180660e803d06905ab97d1878
https://conda.anaconda.org/conda-forge/linux-64/xorg-kbproto-1.0.7-h7f98852_1002.tar.bz2#4b230e8381279d76131116660f5a241a
https://conda.anaconda.org/conda-forge/linux-64/xorg-libice-1.0.10-h7f98852_0.tar.bz2#d6b0b50b49eccfe0be0373be628be0f3
https://conda.anaconda.org/conda-forge/linux-64/xorg-libxau-1.0.9-h7f98852_0.tar.bz2#bf6f803a544f26ebbdc3bfff272eb179
https://conda.anaconda.org/conda-forge/linux-64/xorg-libxdmcp-1.1.3-h7f98852_0.tar.bz2#be93aabceefa2fac576e971aef407908
https://conda.anaconda.org/conda-forge/linux-64/xorg-renderproto-0.11.1-h7f98852_1002.tar.bz2#06feff3d2634e3097ce2fe681474b534
https://conda.anaconda.org/conda-forge/linux-64/xorg-xextproto-7.3.0-h7f98852_1002.tar.bz2#1e15f6ad85a7d743a2ac68dae6c82b98
https://conda.anaconda.org/conda-forge/linux-64/xorg-xproto-7.0.31-h7f98852_1007.tar.bz2#b4a4381d54784606820704f7b5f05a15
https://conda.anaconda.org/conda-forge/linux-64/xz-5.2.5-h516909a_1.tar.bz2#33f601066901f3e1a85af3522a8113f9
https://conda.anaconda.org/bioconda/linux-64/coreutils-8.25-1.tar.bz2#dd7804252590d3167bdad0a125d09de0
https://conda.anaconda.org/conda-forge/linux-64/gcc_impl_linux-64-9.4.0-h03d3576_11.tar.bz2#af63ecae331d9d8f40727eb7db93eeee
https://conda.anaconda.org/conda-forge/linux-64/gettext-0.19.8.1-h73d1719_1008.tar.bz2#af49250eca8e139378f8ff0ae9e57251
https://conda.anaconda.org/conda-forge/linux-64/libblas-3.9.0-12_linux64_openblas.tar.bz2#4f93ba28c628a2c27cf39c055e6b219c
https://conda.anaconda.org/conda-forge/linux-64/libedit-3.1.20191231-he28a2e2_2.tar.bz2#4d331e44109e3f0e19b4cb8f9b82f3e1
https://conda.anaconda.org/conda-forge/linux-64/libxcb-1.13-h7f98852_1004.tar.bz2#b3653fdc58d03face9724f602218a904
https://conda.anaconda.org/conda-forge/linux-64/mpfr-4.1.0-h9202a9a_1.tar.bz2#ea9ebeddb066da8fad4a815e61b139be
https://conda.anaconda.org/bioconda/linux-64/mysql-connector-c-6.1.6-2.tar.bz2#bc5af5124487114c538a0f9b8fae9c2a
https://conda.anaconda.org/bioconda/linux-64/perl-app-cpanminus-1.7044-pl526_1.tar.bz2#dcd34d99b75ca3feb8af1623a3859b20
https://conda.anaconda.org/bioconda/linux-64/perl-base-2.23-pl526_1.tar.bz2#03db12873cdeb00d4e8d02bcbf583a04
https://conda.anaconda.org/bioconda/linux-64/perl-class-method-modifiers-2.12-pl526_0.tar.bz2#e395ece7e67b0f5e7ea2b2c0c628f2d5
https://conda.anaconda.org/bioconda/linux-64/perl-common-sense-3.74-pl526_2.tar.bz2#66f1c27dc24f6fc5d76d25cd9771f043
https://conda.anaconda.org/bioconda/linux-64/perl-compress-raw-bzip2-2.087-pl526he1b5a44_0.tar.bz2#452ca14d71cd5973a6db6998b50f30e3
https://conda.anaconda.org/bioconda/linux-64/perl-compress-raw-zlib-2.087-pl526hc9558a2_0.tar.bz2#6a7842c318054b9110268696ce2fe7be
https://conda.anaconda.org/bioconda/linux-64/perl-constant-1.33-pl526_1.tar.bz2#5037eea2bb962fab567d2d5ea43bc81a
https://conda.anaconda.org/bioconda/linux-64/perl-data-dumper-2.173-pl526_0.tar.bz2#8057e13103637c6e8700c652d1b83682
https://conda.anaconda.org/bioconda/linux-64/perl-dbi-1.642-pl526_0.tar.bz2#539e75cef138499a204431ae72f3ade7
https://conda.anaconda.org/bioconda/noarch/perl-devel-stacktrace-2.04-pl526_0.tar.bz2#c26d7ca3e81c27cf6b1883fc16bc98eb
https://conda.anaconda.org/bioconda/linux-64/perl-exporter-5.72-pl526_1.tar.bz2#5ecf4d143181f4a4d71349811ea29177
https://conda.anaconda.org/bioconda/linux-64/perl-exporter-tiny-1.002001-pl526_0.tar.bz2#b84ce6dbb823c77ddba901d1083c2e84
https://conda.anaconda.org/bioconda/linux-64/perl-extutils-makemaker-7.36-pl526_1.tar.bz2#32d1b791177a614aeae12e67bca620b0
https://conda.anaconda.org/bioconda/linux-64/perl-extutils-manifest-1.72-pl526_0.tar.bz2#d7f0075259f62d73ad430992b4bcf8dd
https://conda.anaconda.org/bioconda/linux-64/perl-file-which-1.23-pl526_0.tar.bz2#46f24942ce35bdd275f905cfe93ac9e0
https://conda.anaconda.org/bioconda/linux-64/perl-getopt-long-2.50-pl526_1.tar.bz2#3f11f5bb4d7fb82920bf1ffac2e49a0a
https://conda.anaconda.org/bioconda/linux-64/perl-io-zlib-1.10-pl526_2.tar.bz2#14acb0318f4ad06603b5d38706ae043a
https://conda.anaconda.org/bioconda/noarch/perl-json-pp-4.04-pl526_0.tar.bz2#253d4aaa4a5611643a0d2141035c5973
https://conda.anaconda.org/bioconda/linux-64/perl-locale-maketext-simple-0.21-pl526_2.tar.bz2#0380651bd28527d422a23f0bf90e0eae
https://conda.anaconda.org/bioconda/linux-64/perl-module-load-0.32-pl526_1.tar.bz2#539e2c45324a943a659339bb239a65d3
https://conda.anaconda.org/bioconda/linux-64/perl-module-runtime-0.016-pl526_1.tar.bz2#e700baa2ca15df31a85a13626a37ad5b
https://conda.anaconda.org/bioconda/linux-64/perl-mro-compat-0.13-pl526_0.tar.bz2#1a374860fe4735444128341b386b0661
https://conda.anaconda.org/bioconda/linux-64/perl-params-check-0.38-pl526_1.tar.bz2#2895ed33ead5b5c4ea7276fd5c38e6f0
https://conda.anaconda.org/bioconda/linux-64/perl-params-util-1.07-pl526h6bb024c_4.tar.bz2#68de50e31b49b11e3c0041ce1f377adb
https://conda.anaconda.org/bioconda/linux-64/perl-parent-0.236-pl526_1.tar.bz2#389bb45e15d386db8e32613a2eb2e949
https://conda.anaconda.org/bioconda/linux-64/perl-scalar-list-utils-1.52-pl526h516909a_0.tar.bz2#8c78fca5814513924f9637a9211c0c77
https://conda.anaconda.org/bioconda/linux-64/perl-sub-exporter-progressive-0.001013-pl526_0.tar.bz2#4567f34432f3ef33788f1b36d0ba41e9
https://conda.anaconda.org/bioconda/linux-64/perl-sub-identify-0.14-pl526h14c3975_0.tar.bz2#17126c427ca6c885ce4836d69f3f4825
https://conda.anaconda.org/bioconda/linux-64/perl-sub-name-0.21-pl526_1.tar.bz2#21286d90bd5855726fdbf1c92c35ca8b
https://conda.anaconda.org/bioconda/linux-64/perl-sub-quote-2.006003-pl526_1.tar.bz2#68a77efdc965c77669e4cf24659a4c64
https://conda.anaconda.org/bioconda/linux-64/perl-threaded-5.26.0-0.tar.bz2#bb00296c844e38709d182338db9d6321
https://conda.anaconda.org/bioconda/linux-64/perl-try-tiny-0.30-pl526_1.tar.bz2#cf04b17e5804be0615363036e37b9ca7
https://conda.anaconda.org/bioconda/linux-64/perl-version-0.9924-pl526_0.tar.bz2#487052e29915e4bb99695bada6cf0b57
https://conda.anaconda.org/bioconda/linux-64/perl-xsloader-0.24-pl526_0.tar.bz2#878d48f2a6bdff58c7b9589e3b25ff6b
https://conda.anaconda.org/bioconda/noarch/perl-yaml-1.29-pl526_0.tar.bz2#9bf9b027106526977ff3efe2032c3ae5
https://conda.anaconda.org/conda-forge/linux-64/readline-8.1-h46c0cb4_0.tar.bz2#5788de3c8d7a7d64ac56c784c4ef48e6
https://conda.anaconda.org/conda-forge/linux-64/tar-1.34-ha1f6473_0.tar.bz2#33614741eb453005e0c74e027c325508
https://conda.anaconda.org/conda-forge/linux-64/xorg-libsm-1.2.3-hd9c2040_1000.tar.bz2#9e856f78d5c80d5a78f61e72d1d473a3
https://conda.anaconda.org/conda-forge/linux-64/zlib-1.2.11-h36c2ea0_1013.tar.bz2#cf7190238072a41e9579e4476a6a60b8
https://conda.anaconda.org/bioconda/linux-64/bamtools-2.5.1-h9a82719_9.tar.bz2#85fead893cb3f8e66d0def72abe04453
https://conda.anaconda.org/bioconda/linux-64/bwa-0.7.17-h5bf99c6_8.tar.bz2#296699e49a5c7d784cbe9dd788848fb5
https://conda.anaconda.org/bioconda/linux-64/cdbtools-0.99-h9a82719_6.tar.bz2#d98a8771b7de2ca35d2759cbc01899dc
https://conda.anaconda.org/conda-forge/linux-64/gcc_linux-64-9.4.0-h391b98a_1.tar.bz2#1dc00eab8ce4b3341aae9f54c19b810a
https://conda.anaconda.org/conda-forge/linux-64/gfortran_impl_linux-64-9.4.0-h0003116_11.tar.bz2#2c21b8ffe4c2ce138ec56943ac7a95f8
https://conda.anaconda.org/conda-forge/linux-64/gxx_impl_linux-64-9.4.0-h03d3576_11.tar.bz2#c0c0f0e29f95fa2d9ca1e62d1ea81dcc
https://conda.anaconda.org/bioconda/linux-64/hifiasm-0.16.1-h2e03b76_0.tar.bz2#af9994487d08cff149380e30ff1f2e22
https://conda.anaconda.org/bioconda/linux-64/k8-0.2.5-h9a82719_1.tar.bz2#8700d84f57171e0d92bb5e7178aca95c
https://conda.anaconda.org/conda-forge/linux-64/libcblas-3.9.0-12_linux64_openblas.tar.bz2#2e5082d4a9a18c21100e6ce5b6bcb4ec
https://conda.anaconda.org/conda-forge/linux-64/libglib-2.70.1-h174f98d_0.tar.bz2#b14ca7dc99d099dccf38d4d31ead3d63
https://conda.anaconda.org/conda-forge/linux-64/libidn2-2.3.2-h7f98852_0.tar.bz2#aca262632226181930c18c0ab2be88eb
https://conda.anaconda.org/conda-forge/linux-64/liblapack-3.9.0-12_linux64_openblas.tar.bz2#9f401a6807a97e0c859d7522ae3d51ec
https://conda.anaconda.org/conda-forge/linux-64/libnghttp2-1.43.0-h812cca2_1.tar.bz2#d0a7846b7b3b8fb0d8b36904a53b8155
https://conda.anaconda.org/conda-forge/linux-64/libpng-1.6.37-h21135ba_2.tar.bz2#b6acf807307d033d4b7e758b4f44b036
https://conda.anaconda.org/conda-forge/linux-64/libssh2-1.10.0-ha56f1ee_2.tar.bz2#6ab4eaa11ff01801cffca0a27489dc04
https://conda.anaconda.org/conda-forge/linux-64/libxml2-2.9.12-h72842e0_0.tar.bz2#bd14fdf5b9ee5568056a40a6a2f41866
https://conda.anaconda.org/conda-forge/linux-64/openjdk-11.0.1-h516909a_1016.tar.bz2#50acf7990fc758376306f84b141e34c9
https://conda.anaconda.org/bioconda/linux-64/parallel-20160622-1.tar.bz2#c1d15f62f1f2fb792de309b87538de17
https://conda.anaconda.org/bioconda/linux-64/pbgzip-2016.08.04-h36cd882_2.tar.bz2#3962207ea80e21361cd634444fe30494
https://conda.anaconda.org/conda-forge/linux-64/pcre2-10.37-h032f7d1_0.tar.bz2#6469e4602e914febe6f057ad2271a54e
https://conda.anaconda.org/bioconda/linux-64/perl-carp-1.38-pl526_3.tar.bz2#984c76663b1bd6e880683ce6fa58da4c
https://conda.anaconda.org/bioconda/linux-64/perl-devel-globaldestruction-0.14-pl526_0.tar.bz2#69d6adc91ae0495db3f7b1641a62fe72
https://conda.anaconda.org/bioconda/linux-64/perl-encode-2.88-pl526_1.tar.bz2#0db0d9088045596254fb8a88a9a37294
https://conda.anaconda.org/bioconda/linux-64/perl-file-path-2.16-pl526_0.tar.bz2#c58f86c77e01c9c62415ba917f7b651e
https://conda.anaconda.org/bioconda/linux-64/perl-io-compress-2.087-pl526he1b5a44_0.tar.bz2#67679464cddb80ccc4692c6d76a439d5
https://conda.anaconda.org/bioconda/linux-64/perl-list-moreutils-xs-0.428-pl526_0.tar.bz2#65212b0ac443324d61e649d1752947c7
https://conda.anaconda.org/bioconda/linux-64/perl-module-corelist-5.20190524-pl526_0.tar.bz2#9563e0543f328026161c6d2c9b278dc2
https://conda.anaconda.org/bioconda/linux-64/perl-package-stash-xs-0.28-pl526hf484d3e_1.tar.bz2#38303819167b4ba65386a85f88a997a8
https://conda.anaconda.org/bioconda/linux-64/perl-perl-ostype-1.010-pl526_1.tar.bz2#0d25c1597d63b23a487f4780cb54801a
https://conda.anaconda.org/bioconda/noarch/perl-role-tiny-2.000008-pl526_0.tar.bz2#ac07880e4a117a8c96b3eaf0dd545d40
https://conda.anaconda.org/bioconda/linux-64/perl-storable-3.15-pl526h14c3975_0.tar.bz2#ad27b25076f3d76c10085d900bdf3a48
https://conda.anaconda.org/bioconda/linux-64/perl-text-abbrev-1.02-pl526_0.tar.bz2#d1b7350ef8693dd1d40f578a96ea6134
https://conda.anaconda.org/bioconda/linux-64/perl-text-parsewords-3.30-pl526_0.tar.bz2#d8e8a632d23ff77cf58901fef542e28b
https://conda.anaconda.org/bioconda/linux-64/perl-types-serialiser-1.0-pl526_2.tar.bz2#77250c3feefab1e4a8f0fd482af07048
https://conda.anaconda.org/conda-forge/linux-64/sqlite-3.37.0-h9cd32fc_0.tar.bz2#eb66fc098824d25518a79e83d12a81d6
https://conda.anaconda.org/conda-forge/linux-64/tk-8.6.11-h27826a3_1.tar.bz2#84e76fb280e735fec1efd2d21fd9cb27
https://conda.anaconda.org/conda-forge/linux-64/xorg-libx11-1.7.2-h7f98852_0.tar.bz2#12a61e640b8894504326aadafccbb790
https://conda.anaconda.org/conda-forge/linux-64/zstd-1.5.0-ha95c52a_0.tar.bz2#b56f94865e2de36abf054e7bfa499034
https://conda.anaconda.org/conda-forge/linux-64/boost-cpp-1.74.0-h312852a_4.tar.bz2#22ee6de84c28eb7bd76802cf071c5d25
https://conda.anaconda.org/conda-forge/linux-64/bwidget-1.9.14-ha770c72_1.tar.bz2#5746d6202ba2abad4a4707f2a2462795
https://conda.anaconda.org/conda-forge/linux-64/freetype-2.10.4-h0708190_1.tar.bz2#4a06f2ac2e5bfae7b6b245171c3f07aa
https://conda.anaconda.org/conda-forge/linux-64/gfortran_linux-64-9.4.0-hf0ab688_1.tar.bz2#a78f3dc7f1318710899565c50734c0f0
https://conda.anaconda.org/conda-forge/linux-64/gsl-2.6-he838d99_2.tar.bz2#d54a10784d331d7b13f8af19acf297b7
https://conda.anaconda.org/conda-forge/linux-64/gxx_linux-64-9.4.0-h0316aca_1.tar.bz2#8c020fd66512f59c968546a840af6112
https://conda.anaconda.org/conda-forge/linux-64/krb5-1.19.2-hcc1bbae_3.tar.bz2#e29650992ae593bc05fc93722483e5c3
https://conda.anaconda.org/conda-forge/linux-64/libtiff-4.3.0-hf544144_1.tar.bz2#a65a4158716bd7d95bfa69bcfd83081c
https://conda.anaconda.org/bioconda/linux-64/minimap2-2.23-h5bf99c6_0.tar.bz2#3ec7cdc96c22299b41490059c76e034e
https://conda.anaconda.org/bioconda/linux-64/perl-cpan-meta-requirements-2.140-pl526_0.tar.bz2#0fc9e88c5a1675c665e1e186ea34afc9
https://conda.anaconda.org/bioconda/linux-64/perl-cpan-meta-yaml-0.018-pl526_0.tar.bz2#3810903560796a06a6865fe64aa52556
https://conda.anaconda.org/bioconda/linux-64/perl-dist-checkconflicts-0.11-pl526_2.tar.bz2#f3af49e2ec0ebc45c8eeed12212a295f
https://conda.anaconda.org/bioconda/linux-64/perl-eval-closure-0.14-pl526h6bb024c_4.tar.bz2#156f357c5abfa8690d8591ac8724235b
https://conda.anaconda.org/bioconda/linux-64/perl-file-temp-0.2304-pl526_2.tar.bz2#1e7930ea1b3a6d93a55c6b316a60a891
https://conda.anaconda.org/bioconda/linux-64/perl-json-xs-2.34-pl526h6bb024c_3.tar.bz2#3a5b157d275eae1d3ba16de1ccae8241
https://conda.anaconda.org/bioconda/linux-64/perl-list-moreutils-0.428-pl526_1.tar.bz2#699e3399479d2b1aa1f675b476406e0d
https://conda.anaconda.org/bioconda/linux-64/perl-module-implementation-0.09-pl526_2.tar.bz2#97f9a0c37978d25299f4f1434c7a12e9
https://conda.anaconda.org/bioconda/linux-64/perl-module-metadata-1.000036-pl526_0.tar.bz2#9a3b1fb3470660e55daafb3ff1765ef8
https://conda.anaconda.org/bioconda/linux-64/perl-pathtools-3.75-pl526h14c3975_1.tar.bz2#4ac5eb7fe5450b7a28c9dc5423c7c293
https://conda.anaconda.org/bioconda/linux-64/perl-sub-install-0.928-pl526_2.tar.bz2#90f883f49150f297aa62f231e989ef45
https://conda.anaconda.org/conda-forge/linux-64/python-3.9.7-hb7a2778_3_cpython.tar.bz2#ab54b978f6f24c485d22a80de0f66bf8
https://conda.anaconda.org/conda-forge/linux-64/suitesparse-5.10.1-h9e50725_1.tar.bz2#a3a685b5f9aeb890ed874502fe56accf
https://conda.anaconda.org/conda-forge/linux-64/tktable-2.10-hb7b940f_3.tar.bz2#ea4d0879e40211fa26f38d8986db1bbe
https://conda.anaconda.org/bioconda/linux-64/ucsc-fatotwobit-357-1.tar.bz2#2f7e2e4afd8e2a0249e8c9a8c462bc41
https://conda.anaconda.org/bioconda/linux-64/ucsc-twobitinfo-357-1.tar.bz2#a6645e26235d0593b584472b40788aef
https://conda.anaconda.org/conda-forge/linux-64/wget-1.20.3-ha56f1ee_1.tar.bz2#674f6b42484dbfd11906c3b0a93585e9
https://conda.anaconda.org/conda-forge/linux-64/xorg-libxext-1.3.4-h7f98852_1.tar.bz2#536cc5db4d0a3ba0630541aec064b5e4
https://conda.anaconda.org/conda-forge/linux-64/xorg-libxrender-0.9.10-h7f98852_1003.tar.bz2#f59c1242cc1dd93e72c2ee2b360979eb
https://conda.anaconda.org/conda-forge/linux-64/xorg-libxt-1.2.1-h7f98852_2.tar.bz2#60d6eec5273f1c9af096c10c268912e3
https://conda.anaconda.org/bioconda/noarch/dendropy-4.5.2-pyh3252c3a_0.tar.bz2#3b762d50e12b28d30e5f58c832137ed6
https://conda.anaconda.org/bioconda/linux-64/diamond-2.0.13-hdcc8f71_0.tar.bz2#d871d7bf724cb114bd5169aa353de70c
https://conda.anaconda.org/conda-forge/linux-64/fontconfig-2.13.1-hba837de_1005.tar.bz2#fd3611672eb91bc9d24fd6fb970037eb
https://conda.anaconda.org/conda-forge/linux-64/libcurl-7.80.0-h2574ce0_0.tar.bz2#5d0784b790350f7939bb5d3f2c32e700
https://conda.anaconda.org/bioconda/linux-64/metaeuk-5.34c21f2-h95f258a_0.tar.bz2#e0a8787cefdb66da39e152304a43ed8d
https://conda.anaconda.org/bioconda/linux-64/perl-apache-test-1.40-pl526_1.tar.bz2#c2f127c5de6f8fa7ae28fe2ac9b80b2f
https://conda.anaconda.org/bioconda/linux-64/perl-archive-tar-2.32-pl526_0.tar.bz2#961b7fd4f58d59d7d4f9f3e48f679477
https://conda.anaconda.org/bioconda/linux-64/perl-cpan-meta-2.150010-pl526_0.tar.bz2#7d69995e0342f14e4b60a8e93cddfd20
https://conda.anaconda.org/bioconda/linux-64/perl-data-optlist-0.110-pl526_2.tar.bz2#75fa30de8891608438299a6f66c34014
https://conda.anaconda.org/bioconda/linux-64/perl-json-4.02-pl526_0.tar.bz2#14082a3e2b78deb9aa3ca880ab9eb854
https://conda.anaconda.org/bioconda/linux-64/perl-module-load-conditional-0.68-pl526_2.tar.bz2#7e3d417a0c4d52b688a6a8e3a36bc341
https://conda.anaconda.org/bioconda/linux-64/perl-module-runtime-conflicts-0.003-pl526_0.tar.bz2#b8eb3619137af69458c36fdc79b6a129
https://conda.anaconda.org/bioconda/linux-64/purge_dups-1.2.5-h5bf99c6_1.tar.bz2#c7652c07fae97b83258bda16e081cecb
https://conda.anaconda.org/conda-forge/linux-64/python_abi-3.9-2_cp39.tar.bz2#39adde4247484de2bb4000122fdcf665
https://conda.anaconda.org/conda-forge/noarch/pytz-2021.3-pyhd8ed1ab_0.tar.bz2#7e4f811bff46a5a6a7e0094921389395
https://conda.anaconda.org/conda-forge/noarch/six-1.16.0-pyh6c4a22f_0.tar.bz2#e5f25f8dbc060e9a8d912e432202afc2
https://conda.anaconda.org/conda-forge/linux-64/cairo-1.16.0-h6cf1ce9_1008.tar.bz2#a43fb47d15e116f8be4be7e6b17ab59f
https://conda.anaconda.org/conda-forge/linux-64/click-8.0.3-py39hf3d152e_1.tar.bz2#30b637487f64a02e32591c667047cf08
https://conda.anaconda.org/conda-forge/linux-64/curl-7.80.0-h2574ce0_0.tar.bz2#4d8fd67e5ab7e00fde8ad085464f43b7
https://conda.anaconda.org/bioconda/linux-64/htslib-1.12-h9093b5e_1.tar.bz2#50992d90a43601fc3e77b48c76aca3f0
https://conda.anaconda.org/conda-forge/linux-64/numpy-1.21.4-py39hdbf815f_0.tar.bz2#3ef30a1c931a3cfe564ca5212b3fa8fe
https://conda.anaconda.org/bioconda/linux-64/perl-ipc-cmd-1.02-pl526_0.tar.bz2#a1e40952d5af68c8b36eb32aba7f2632
https://conda.anaconda.org/bioconda/linux-64/perl-package-stash-0.38-pl526hf484d3e_1.tar.bz2#cfceef3c9c95da229cccb715ddd11c18
https://conda.anaconda.org/bioconda/linux-64/perl-sub-exporter-0.987-pl526_2.tar.bz2#5c47be06a5776fa6f3b6fb4e799bc5a1
https://conda.anaconda.org/conda-forge/noarch/python-dateutil-2.8.2-pyhd8ed1ab_0.tar.bz2#dd999d1cc9f79e67dbb855c8924c7984
https://conda.anaconda.org/bioconda/linux-64/sepp-4.4.0-py39_0.tar.bz2#7cfefbfdd1cb4a12854e12667f470345
https://conda.anaconda.org/bioconda/linux-64/bcftools-1.12-h45bccc9_1.tar.bz2#f1a250774b39eed81ea9027205ffbf15
https://conda.anaconda.org/conda-forge/linux-64/biopython-1.79-py39h3811e60_1.tar.bz2#b41c7ebfecdd9ea6b53bc3a329b1da0b
https://conda.anaconda.org/bioconda/linux-64/blast-2.12.0-pl5262h3289130_0.tar.bz2#000862f2d3b20c507ca1bd5a07fe922a
https://conda.anaconda.org/conda-forge/linux-64/harfbuzz-3.1.1-h83ec7ef_0.tar.bz2#ca8faaee04a83e3c4d6f708a35ac2ec3
https://conda.anaconda.org/conda-forge/linux-64/pandas-1.3.4-py39hde0f152_1.tar.bz2#8b043715b3ecda6b4546c962aff6f519
https://conda.anaconda.org/bioconda/linux-64/pbbam-1.7.0-h058f120_1.tar.bz2#0489e5200100d37f5eabe3b92eb7e0c1
https://conda.anaconda.org/bioconda/linux-64/pbmm2-1.7.0-hdcc8f71_0.tar.bz2#880d42ed0343e5a3839c37619f319bbb
https://conda.anaconda.org/bioconda/linux-64/perl-class-load-0.25-pl526_0.tar.bz2#03c73103dc5e4f7daabd6bb0931193b6
https://conda.anaconda.org/bioconda/linux-64/perl-devel-overloadinfo-0.005-pl526_0.tar.bz2#c3f198e3bc81f5f1af1aedff4dbd9167
https://conda.anaconda.org/bioconda/linux-64/perl-extutils-cbuilder-0.280230-pl526_1.tar.bz2#36f24339ddf929bfb872574b27a6b313
https://conda.anaconda.org/bioconda/linux-64/perl-package-deprecationmanager-0.17-pl526_0.tar.bz2#b2f09a023ab3afe9f71a86776ee05e3b
https://conda.anaconda.org/bioconda/linux-64/samtools-1.12-h9aed4be_1.tar.bz2#28d45e53917d0a4b5fb8fb5b3bcf86fc
https://conda.anaconda.org/bioconda/linux-64/bam2fastx-1.3.1-hf05d43a_1.tar.bz2#959cbb4a38687a0cdfb201a371d54e3e
https://conda.anaconda.org/bioconda/linux-64/pairtools-0.3.0-py39h8fa6add_5.tar.bz2#66919353b4657b179dcec5ae54774f70
https://conda.anaconda.org/conda-forge/linux-64/pango-1.48.10-h54213e6_2.tar.bz2#b7ed7c76c9360db1f91afba2e220007b
https://conda.anaconda.org/bioconda/linux-64/perl-class-load-xs-0.10-pl526h6bb024c_2.tar.bz2#94e570466f327fdb7a83ed8e12523cfd
https://conda.anaconda.org/bioconda/linux-64/perl-extutils-parsexs-3.35-pl526_0.tar.bz2#1158152832889581545736e4464d56bf
https://conda.anaconda.org/bioconda/linux-64/tabixpp-1.1.0-he28291e_6.tar.bz2#7b1230e2c8105e881de0ac54111923f2
https://conda.anaconda.org/bioconda/linux-64/perl-module-build-0.4224-pl526_3.tar.bz2#3d0ec58cb31ae53380e0cfe5dd68d3b6
https://conda.anaconda.org/bioconda/linux-64/perl-moose-2.2011-pl526hf484d3e_1.tar.bz2#3cbc780a48b996083b19cece0e7cdb2f
https://conda.anaconda.org/conda-forge/linux-64/r-base-4.1.1-hb67fd72_0.tar.bz2#d9e20e361fee0a5e015ad98ec564fe5a
https://conda.anaconda.org/bioconda/linux-64/vcflib-1.0.2-h3198e80_5.tar.bz2#2dd22c337b2583dbdcd099bd3fa0e19d
https://conda.anaconda.org/bioconda/linux-64/freebayes-1.3.5-py39hba5d119_3.tar.bz2#4675cabe66df4e6d40dd7d6dda9bd0c7
https://conda.anaconda.org/bioconda/linux-64/perl-moo-2.003004-pl526_0.tar.bz2#95008534c8c436981eb84793459fd532
https://conda.anaconda.org/conda-forge/noarch/r-assertthat-0.2.1-r41hc72bb7e_2.tar.bz2#ad338c38619f857b6df19253e9c65533
https://conda.anaconda.org/conda-forge/linux-64/r-backports-1.4.0-r41hcfec24a_0.tar.bz2#3ebb0f3c9fbdff14a9214a1c416c8bfb
https://conda.anaconda.org/conda-forge/linux-64/r-brio-1.1.3-r41hcfec24a_0.tar.bz2#8b244d9227122b63ca1191228e1e31c9
https://conda.anaconda.org/conda-forge/linux-64/r-colorspace-2.0_2-r41hcfec24a_0.tar.bz2#5305575c0ad35cf3e7a67a9ff9176ecf
https://conda.anaconda.org/conda-forge/noarch/r-crayon-1.4.2-r41hc72bb7e_0.tar.bz2#144abfeb3acb77f6cb6510dd45747bcf
https://conda.anaconda.org/conda-forge/linux-64/r-digest-0.6.29-r41h03ef668_0.tar.bz2#9b5bcee4e903920236c5911fdd3478d8
https://conda.anaconda.org/conda-forge/noarch/r-evaluate-0.14-r41hc72bb7e_2.tar.bz2#264cbc1f2cd53677b9f370da90cb5f10
https://conda.anaconda.org/conda-forge/linux-64/r-fansi-0.4.2-r41hcfec24a_0.tar.bz2#2aeaa448baed2b56d8a1e1198fba9440
https://conda.anaconda.org/conda-forge/linux-64/r-farver-2.1.0-r41h03ef668_0.tar.bz2#ecb6a37575665c703665d052f550db11
https://conda.anaconda.org/conda-forge/noarch/r-findpython-1.0.7-r41hc72bb7e_0.tar.bz2#d82387de1c2f6fcd505a2b331a76f8ec
https://conda.anaconda.org/conda-forge/linux-64/r-glue-1.5.1-r41hcfec24a_0.tar.bz2#1c3159232a486f06b55c8d8504cd3dd2
https://conda.anaconda.org/conda-forge/noarch/r-gtable-0.3.0-r41hc72bb7e_3.tar.bz2#c2265bc91dceb28f25d533e9d93212fa
https://conda.anaconda.org/conda-forge/linux-64/r-jsonlite-1.7.2-r41hcfec24a_0.tar.bz2#3e836ec407cc481aefa06cd0cd8ac26d
https://conda.anaconda.org/conda-forge/noarch/r-labeling-0.4.2-r41hc72bb7e_0.tar.bz2#73dd8a97d95aff43a4a4bb4fa7dda618
https://conda.anaconda.org/conda-forge/linux-64/r-lattice-0.20_45-r41hcfec24a_0.tar.bz2#895ccbaf82eba857612be799cd5744b4
https://conda.anaconda.org/conda-forge/linux-64/r-magrittr-2.0.1-r41hcfec24a_1.tar.bz2#98c455960756bbb6b1da68fadc92c9ea
https://conda.anaconda.org/conda-forge/linux-64/r-mass-7.3_54-r41hcfec24a_0.tar.bz2#16a87bbccb6a7bbd2c4665972cc5fe92
https://conda.anaconda.org/conda-forge/linux-64/r-minpack.lm-1.2_1-r41h742201e_1007.tar.bz2#93b9ff636ace99629910b33710d1484f
https://conda.anaconda.org/conda-forge/noarch/r-pkgconfig-2.0.3-r41hc72bb7e_1.tar.bz2#2c4f78477753ad83700a1f9d605a3002
https://conda.anaconda.org/conda-forge/noarch/r-praise-1.0.0-r41hc72bb7e_1004.tar.bz2#79267d90577eea87c4ffae2e8573a09f
https://conda.anaconda.org/conda-forge/linux-64/r-ps-1.6.0-r41hcfec24a_0.tar.bz2#07c55f06d88324b90bdc1c100d576358
https://conda.anaconda.org/conda-forge/noarch/r-r6-2.5.1-r41hc72bb7e_0.tar.bz2#a560798c2d5ab0dbb30feddc6b8e63fb
https://conda.anaconda.org/conda-forge/noarch/r-rcolorbrewer-1.1_2-r41h785f33e_1003.tar.bz2#2c4d2dad170195998a94e8fe8bc36366
https://conda.anaconda.org/conda-forge/linux-64/r-rcpp-1.0.7-r41h03ef668_0.tar.bz2#6cf9f03c647b663100f9658face98638
https://conda.anaconda.org/conda-forge/linux-64/r-rlang-0.4.12-r41hcfec24a_0.tar.bz2#edf30b17dfa75d3cbb0f1409f5412bc1
https://conda.anaconda.org/conda-forge/noarch/r-rstudioapi-0.13-r41hc72bb7e_0.tar.bz2#2918956e6f337e209b6f7582b99cfdfa
https://conda.anaconda.org/conda-forge/linux-64/r-utf8-1.2.2-r41hcfec24a_0.tar.bz2#3b958ecf41127b730cc0f0865cc8953e
https://conda.anaconda.org/conda-forge/noarch/r-viridislite-0.4.0-r41hc72bb7e_0.tar.bz2#00ad214f0ade6d1a8e7fedb5eb06add6
https://conda.anaconda.org/conda-forge/noarch/r-withr-2.4.3-r41hc72bb7e_0.tar.bz2#120d0c2b5bc538c7a250e6cadd7eecfd
https://conda.anaconda.org/bioconda/linux-64/perl-parallel-forkmanager-2.02-pl526_0.tar.bz2#6f3243b751726938412045706c626727
https://conda.anaconda.org/conda-forge/noarch/r-argparse-2.1.3-r41hc72bb7e_0.tar.bz2#837872e137ecfe2effdf011340640848
https://conda.anaconda.org/conda-forge/linux-64/r-cli-3.1.0-r41h03ef668_0.tar.bz2#148fc0479421ac86e79c2cd07a49d9de
https://conda.anaconda.org/conda-forge/linux-64/r-diffobj-0.3.5-r41hcfec24a_0.tar.bz2#01693a46ed0b5a2e355aefdffc626d67
https://conda.anaconda.org/conda-forge/linux-64/r-ellipsis-0.3.2-r41hcfec24a_0.tar.bz2#44d25949d98811e21e9d19527b6e3cfe
https://conda.anaconda.org/conda-forge/noarch/r-gridextra-2.3-r41hc72bb7e_1003.tar.bz2#d06a67a555a584026fead4e8439fc605
https://conda.anaconda.org/conda-forge/noarch/r-lifecycle-1.0.1-r41hc72bb7e_0.tar.bz2#c7f563a8fc6d5d9c52da2e390fa5f856
https://conda.anaconda.org/conda-forge/linux-64/r-matrix-1.3_4-r41he454529_0.tar.bz2#b0b3b0b0cbe529480e299cd3acd2291b
https://conda.anaconda.org/conda-forge/noarch/r-munsell-0.5.0-r41hc72bb7e_1003.tar.bz2#6bc40d32ad627274b04b8582cb4e641d
https://conda.anaconda.org/conda-forge/linux-64/r-nlme-3.1_153-r41h859d828_0.tar.bz2#1937723699ec0b87e353a2e8c569b563
https://conda.anaconda.org/conda-forge/linux-64/r-processx-3.5.2-r41hcfec24a_0.tar.bz2#2c22a42545f7e0a67366603401205382
https://conda.anaconda.org/conda-forge/noarch/r-rprojroot-2.0.2-r41hc72bb7e_0.tar.bz2#54e034bbb14fb28865357e2b6f7cedcb
https://conda.anaconda.org/bioconda/linux-64/augustus-3.4.0-pl5262h5a9fe7b_2.tar.bz2#f756d41e1d81b469bd2cde95dff64ad4
https://conda.anaconda.org/conda-forge/noarch/r-callr-3.7.0-r41hc72bb7e_0.tar.bz2#d27c5bc38ea47068c3e4b85313553767
https://conda.anaconda.org/conda-forge/noarch/r-desc-1.4.0-r41hc72bb7e_0.tar.bz2#4acbc21ea274169d0da7b56e82be5bd3
https://conda.anaconda.org/conda-forge/linux-64/r-mgcv-1.8_38-r41he454529_0.tar.bz2#af776ec4774a22a676357e44198b0dfa
https://conda.anaconda.org/conda-forge/noarch/r-scales-1.1.1-r41hc72bb7e_0.tar.bz2#9fe89d86037848cb044399fd561ebad0
https://conda.anaconda.org/conda-forge/linux-64/r-vctrs-0.3.8-r41hcfec24a_1.tar.bz2#d41a2e906bb532ecd74dc9996f6f7431
https://conda.anaconda.org/conda-forge/noarch/r-pillar-1.6.4-r41hc72bb7e_0.tar.bz2#7b70682ee9b549b39505b23c320c0d58
https://conda.anaconda.org/conda-forge/linux-64/r-pkgload-1.2.4-r41h03ef668_0.tar.bz2#86f05eacdc1a8caedd4bc5e79c19a196
https://conda.anaconda.org/conda-forge/linux-64/r-tibble-3.1.6-r41hcfec24a_0.tar.bz2#c9537791a8aeaec685d38494eed320ac
https://conda.anaconda.org/conda-forge/noarch/r-rematch2-2.1.2-r41hc72bb7e_1.tar.bz2#5c26fbf849007fc5022745ec14e38822
https://conda.anaconda.org/conda-forge/noarch/r-waldo-0.3.1-r41hc72bb7e_0.tar.bz2#93499d4d32c6671db040f52c4e1ca9fe
https://conda.anaconda.org/conda-forge/linux-64/r-testthat-3.1.0-r41h03ef668_0.tar.bz2#94dd57d7e03bd2aec70d9d9616d741ec
https://conda.anaconda.org/conda-forge/linux-64/r-isoband-0.2.5-r41h03ef668_0.tar.bz2#dfd1983b86abb444e3ae58e3b97cd148
https://conda.anaconda.org/conda-forge/noarch/r-ggplot2-3.3.5-r41hc72bb7e_0.tar.bz2#797e22cf75a33f7196a920e8b9017fae
https://conda.anaconda.org/bioconda/noarch/busco-5.2.2-pyhdfd78af_0.tar.bz2#c4c8b38522e8ed0ef4887446d26835a8
https://conda.anaconda.org/conda-forge/noarch/r-cowplot-1.1.1-r41hc72bb7e_0.tar.bz2#901857e88d7584140f64144842b8a60d
https://conda.anaconda.org/conda-forge/noarch/r-viridis-0.6.2-r41hc72bb7e_0.tar.bz2#48e4402ef0d6b30777f48af10ebb0020
